
Microsoft Visual Studio Solution File, Format Version 12.00
# Visual Studio Version 17
VisualStudioVersion = 17.3.32819.101
MinimumVisualStudioVersion = 10.0.40219.1
Project("{FAE04EC0-301F-11D3-BF4B-00C04F79EFBC}") = "Blackjack21", "Blackjack21\Blackjack21.csproj", "{324B2D51-2AF6-4D98-BD28-81E416D10777}"
EndProject
Global
	GlobalSection(SolutionConfigurationPlatforms) = preSolution
		Debug|Any CPU = Debug|Any CPU
		Release|Any CPU = Release|Any CPU
	EndGlobalSection
	GlobalSection(ProjectConfigurationPlatforms) = postSolution
		{324B2D51-2AF6-4D98-BD28-81E416D10777}.Debug|Any CPU.ActiveCfg = Debug|Any CPU
		{324B2D51-2AF6-4D98-BD28-81E416D10777}.Debug|Any CPU.Build.0 = Debug|Any CPU
		{324B2D51-2AF6-4D98-BD28-81E416D10777}.Release|Any CPU.ActiveCfg = Release|Any CPU
		{324B2D51-2AF6-4D98-BD28-81E416D10777}.Release|Any CPU.Build.0 = Release|Any CPU
	EndGlobalSection
	GlobalSection(SolutionProperties) = preSolution
		HideSolutionNode = FALSE
	EndGlobalSection
	GlobalSection(ExtensibilityGlobals) = postSolution
		SolutionGuid = {D174995C-AAA7-4CC7-9EE3-20C607DDDBDB}
	EndGlobalSection
EndGlobal
